
Microsoft Visual Studio Solution File, Format Version 12.00
# Visual Studio 15
VisualStudioVersion = 15.0.28307.271
MinimumVisualStudioVersion = 10.0.40219.1
Project("{FAE04EC0-301F-11D3-BF4B-00C04F79EFBC}") = "Windows Application", "Windows Application.csproj", "{CA137CD5-3D18-48F5-A0C2-929E2438EF08}"
EndProject
Project("{FAE04EC0-301F-11D3-BF4B-00C04F79EFBC}") = "WebServicesPA4", "..\WebServicesPA4\WebServicesPA4.csproj", "{0263CCE4-599E-4182-A655-299146CD1426}"
EndProject
Project("{FAE04EC0-301F-11D3-BF4B-00C04F79EFBC}") = "DBReaderWebApplication", "DBReaderWebApplication\DBReaderWebApplication.csproj", "{561C3A69-CC34-4431-BD61-3165DAF10FDF}"
	ProjectSection(ProjectDependencies) = postProject
		{0263CCE4-599E-4182-A655-299146CD1426} = {0263CCE4-599E-4182-A655-299146CD1426}
	EndProjectSection
EndProject
Project("{FAE04EC0-301F-11D3-BF4B-00C04F79EFBC}") = "DBReaderForm", "DBReaderForm\DBReaderForm.csproj", "{8E56647F-E9B6-4C1D-84F5-3933A2BC7E02}"
	ProjectSection(ProjectDependencies) = postProject
		{0263CCE4-599E-4182-A655-299146CD1426} = {0263CCE4-599E-4182-A655-299146CD1426}
	EndProjectSection
EndProject
Project("{FAE04EC0-301F-11D3-BF4B-00C04F79EFBC}") = "DbReaderConsole", "DbReaderConsole\DbReaderConsole.csproj", "{C33CFCA2-8D4F-4BE9-99DE-25859CFB6AD3}"
EndProject
Project("{2150E333-8FDC-42A3-9474-1A3956D46DE8}") = "PA4", "PA4", "{3F27F9D5-A6D9-40BC-AEB9-84BF718DD703}"
EndProject
Project("{2150E333-8FDC-42A3-9474-1A3956D46DE8}") = "PA1", "PA1", "{EF749212-28C9-4F64-ADA5-C64553478CC8}"
EndProject
Project("{2150E333-8FDC-42A3-9474-1A3956D46DE8}") = "PA3", "PA3", "{E2AD128A-9E38-41DA-AAF1-537FE5542642}"
EndProject
Project("{FAE04EC0-301F-11D3-BF4B-00C04F79EFBC}") = "WebServiceFileReader", "..\WebServiceFilerReader\WebServiceFileReader.csproj", "{E6F577FA-B78F-49D8-905D-E872AA329ED2}"
EndProject
Project("{FAE04EC0-301F-11D3-BF4B-00C04F79EFBC}") = "FileReaderWebApplication", "FileReaderWebApplication\FileReaderWebApplication.csproj", "{987E59A3-27C1-4766-AB26-25C586A23CC2}"
EndProject
Project("{FAE04EC0-301F-11D3-BF4B-00C04F79EFBC}") = "WindowsFormsFileReader", "WindowsFormsFileReader\WindowsFormsFileReader.csproj", "{9723727F-B820-4043-8B40-2A1A8CCB095D}"
EndProject
Project("{2150E333-8FDC-42A3-9474-1A3956D46DE8}") = "PA5", "PA5", "{60FEA10C-F4CE-4463-8FD8-C83CB41503A3}"
EndProject
Project("{FAE04EC0-301F-11D3-BF4B-00C04F79EFBC}") = "CronusCrudForm", "..\CronusCrudForm\CronusCrudForm.csproj", "{55FD41ED-FFB6-470B-A76A-8A6028922FB7}"
EndProject
Project("{2150E333-8FDC-42A3-9474-1A3956D46DE8}") = "PA6", "PA6", "{95F7254B-89B2-4A39-BCF9-8A7014761592}"
EndProject
Project("{2150E333-8FDC-42A3-9474-1A3956D46DE8}") = "PA2", "PA2", "{D6C6D36C-F198-4F33-A2D1-E985F0FA1414}"
EndProject
Project("{FAE04EC0-301F-11D3-BF4B-00C04F79EFBC}") = "WindowsFormsApp1", "..\WindowsFormsApp1\WindowsFormsApp1.csproj", "{641B11DB-E095-4A01-88EE-D15BDABB899C}"
EndProject
Project("{FAE04EC0-301F-11D3-BF4B-00C04F79EFBC}") = "Test", "..\Test\Test.csproj", "{8A8C34C9-CF7E-40D9-A1BD-2254217E9190}"
EndProject
Project("{FAE04EC0-301F-11D3-BF4B-00C04F79EFBC}") = "WebServicesCronus", "WebServicesCronus\WebServicesCronus.csproj", "{73C8A4F1-A606-4CAE-AEBD-B7AACDCE87CC}"
EndProject
Project("{FAE04EC0-301F-11D3-BF4B-00C04F79EFBC}") = "CronusWebApplication", "CronusWebApplication\CronusWebApplication.csproj", "{B0528443-7346-414F-BAA5-BD6CCC952B83}"
	ProjectSection(ProjectDependencies) = postProject
		{73C8A4F1-A606-4CAE-AEBD-B7AACDCE87CC} = {73C8A4F1-A606-4CAE-AEBD-B7AACDCE87CC}
	EndProjectSection
EndProject
Project("{FAE04EC0-301F-11D3-BF4B-00C04F79EFBC}") = "WebServicesCronosQuery", "WebServicesCronosQuery\WebServicesCronosQuery.csproj", "{7104FE33-E96A-444E-887C-B0F07DBFE5C9}"
EndProject
Project("{FAE04EC0-301F-11D3-BF4B-00C04F79EFBC}") = "CronusQueryWebApplication", "..\CronusQueryWebApplication\CronusQueryWebApplication.csproj", "{94611D3D-4B12-40DB-AD79-8A0AABD2BB6F}"
	ProjectSection(ProjectDependencies) = postProject
		{7104FE33-E96A-444E-887C-B0F07DBFE5C9} = {7104FE33-E96A-444E-887C-B0F07DBFE5C9}
	EndProjectSection
EndProject
Project("{FAE04EC0-301F-11D3-BF4B-00C04F79EFBC}") = "CronusQueryForm", "CronusQueryForm\CronusQueryForm.csproj", "{F58C63DE-6D4E-429A-BAB8-904FD793D6E7}"
EndProject
Project("{FAE04EC0-301F-11D3-BF4B-00C04F79EFBC}") = "StartForm", "..\StartForm\StartForm.csproj", "{C6FBBF1F-34F1-4DAB-BE77-98134A4D6D35}"
EndProject
Project("{FAE04EC0-301F-11D3-BF4B-00C04F79EFBC}") = "FileReaderConsoleApp", "..\FileReaderConsoleApp\FileReaderConsoleApp.csproj", "{064DE392-524D-4927-B08B-4F9C2D76B707}"
EndProject
Global
	GlobalSection(SolutionConfigurationPlatforms) = preSolution
		Debug|Any CPU = Debug|Any CPU
		Release|Any CPU = Release|Any CPU
	EndGlobalSection
	GlobalSection(ProjectConfigurationPlatforms) = postSolution
		{CA137CD5-3D18-48F5-A0C2-929E2438EF08}.Debug|Any CPU.ActiveCfg = Debug|Any CPU
		{CA137CD5-3D18-48F5-A0C2-929E2438EF08}.Debug|Any CPU.Build.0 = Debug|Any CPU
		{CA137CD5-3D18-48F5-A0C2-929E2438EF08}.Release|Any CPU.ActiveCfg = Release|Any CPU
		{CA137CD5-3D18-48F5-A0C2-929E2438EF08}.Release|Any CPU.Build.0 = Release|Any CPU
		{0263CCE4-599E-4182-A655-299146CD1426}.Debug|Any CPU.ActiveCfg = Debug|Any CPU
		{0263CCE4-599E-4182-A655-299146CD1426}.Debug|Any CPU.Build.0 = Debug|Any CPU
		{0263CCE4-599E-4182-A655-299146CD1426}.Release|Any CPU.ActiveCfg = Release|Any CPU
		{0263CCE4-599E-4182-A655-299146CD1426}.Release|Any CPU.Build.0 = Release|Any CPU
		{561C3A69-CC34-4431-BD61-3165DAF10FDF}.Debug|Any CPU.ActiveCfg = Debug|Any CPU
		{561C3A69-CC34-4431-BD61-3165DAF10FDF}.Debug|Any CPU.Build.0 = Debug|Any CPU
		{561C3A69-CC34-4431-BD61-3165DAF10FDF}.Release|Any CPU.ActiveCfg = Release|Any CPU
		{561C3A69-CC34-4431-BD61-3165DAF10FDF}.Release|Any CPU.Build.0 = Release|Any CPU
		{8E56647F-E9B6-4C1D-84F5-3933A2BC7E02}.Debug|Any CPU.ActiveCfg = Debug|Any CPU
		{8E56647F-E9B6-4C1D-84F5-3933A2BC7E02}.Debug|Any CPU.Build.0 = Debug|Any CPU
		{8E56647F-E9B6-4C1D-84F5-3933A2BC7E02}.Release|Any CPU.ActiveCfg = Release|Any CPU
		{8E56647F-E9B6-4C1D-84F5-3933A2BC7E02}.Release|Any CPU.Build.0 = Release|Any CPU
		{C33CFCA2-8D4F-4BE9-99DE-25859CFB6AD3}.Debug|Any CPU.ActiveCfg = Debug|Any CPU
		{C33CFCA2-8D4F-4BE9-99DE-25859CFB6AD3}.Debug|Any CPU.Build.0 = Debug|Any CPU
		{C33CFCA2-8D4F-4BE9-99DE-25859CFB6AD3}.Release|Any CPU.ActiveCfg = Release|Any CPU
		{C33CFCA2-8D4F-4BE9-99DE-25859CFB6AD3}.Release|Any CPU.Build.0 = Release|Any CPU
		{E6F577FA-B78F-49D8-905D-E872AA329ED2}.Debug|Any CPU.ActiveCfg = Debug|Any CPU
		{E6F577FA-B78F-49D8-905D-E872AA329ED2}.Debug|Any CPU.Build.0 = Debug|Any CPU
		{E6F577FA-B78F-49D8-905D-E872AA329ED2}.Release|Any CPU.ActiveCfg = Release|Any CPU
		{E6F577FA-B78F-49D8-905D-E872AA329ED2}.Release|Any CPU.Build.0 = Release|Any CPU
		{987E59A3-27C1-4766-AB26-25C586A23CC2}.Debug|Any CPU.ActiveCfg = Debug|Any CPU
		{987E59A3-27C1-4766-AB26-25C586A23CC2}.Debug|Any CPU.Build.0 = Debug|Any CPU
		{987E59A3-27C1-4766-AB26-25C586A23CC2}.Release|Any CPU.ActiveCfg = Release|Any CPU
		{987E59A3-27C1-4766-AB26-25C586A23CC2}.Release|Any CPU.Build.0 = Release|Any CPU
		{9723727F-B820-4043-8B40-2A1A8CCB095D}.Debug|Any CPU.ActiveCfg = Debug|Any CPU
		{9723727F-B820-4043-8B40-2A1A8CCB095D}.Debug|Any CPU.Build.0 = Debug|Any CPU
		{9723727F-B820-4043-8B40-2A1A8CCB095D}.Release|Any CPU.ActiveCfg = Release|Any CPU
		{9723727F-B820-4043-8B40-2A1A8CCB095D}.Release|Any CPU.Build.0 = Release|Any CPU
		{55FD41ED-FFB6-470B-A76A-8A6028922FB7}.Debug|Any CPU.ActiveCfg = Debug|Any CPU
		{55FD41ED-FFB6-470B-A76A-8A6028922FB7}.Debug|Any CPU.Build.0 = Debug|Any CPU
		{55FD41ED-FFB6-470B-A76A-8A6028922FB7}.Release|Any CPU.ActiveCfg = Release|Any CPU
		{55FD41ED-FFB6-470B-A76A-8A6028922FB7}.Release|Any CPU.Build.0 = Release|Any CPU
		{641B11DB-E095-4A01-88EE-D15BDABB899C}.Debug|Any CPU.ActiveCfg = Debug|Any CPU
		{641B11DB-E095-4A01-88EE-D15BDABB899C}.Debug|Any CPU.Build.0 = Debug|Any CPU
		{641B11DB-E095-4A01-88EE-D15BDABB899C}.Release|Any CPU.ActiveCfg = Release|Any CPU
		{641B11DB-E095-4A01-88EE-D15BDABB899C}.Release|Any CPU.Build.0 = Release|Any CPU
		{8A8C34C9-CF7E-40D9-A1BD-2254217E9190}.Debug|Any CPU.ActiveCfg = Debug|Any CPU
		{8A8C34C9-CF7E-40D9-A1BD-2254217E9190}.Debug|Any CPU.Build.0 = Debug|Any CPU
		{8A8C34C9-CF7E-40D9-A1BD-2254217E9190}.Release|Any CPU.ActiveCfg = Release|Any CPU
		{8A8C34C9-CF7E-40D9-A1BD-2254217E9190}.Release|Any CPU.Build.0 = Release|Any CPU
		{73C8A4F1-A606-4CAE-AEBD-B7AACDCE87CC}.Debug|Any CPU.ActiveCfg = Debug|Any CPU
		{73C8A4F1-A606-4CAE-AEBD-B7AACDCE87CC}.Debug|Any CPU.Build.0 = Debug|Any CPU
		{73C8A4F1-A606-4CAE-AEBD-B7AACDCE87CC}.Release|Any CPU.ActiveCfg = Release|Any CPU
		{73C8A4F1-A606-4CAE-AEBD-B7AACDCE87CC}.Release|Any CPU.Build.0 = Release|Any CPU
		{B0528443-7346-414F-BAA5-BD6CCC952B83}.Debug|Any CPU.ActiveCfg = Debug|Any CPU
		{B0528443-7346-414F-BAA5-BD6CCC952B83}.Debug|Any CPU.Build.0 = Debug|Any CPU
		{B0528443-7346-414F-BAA5-BD6CCC952B83}.Release|Any CPU.ActiveCfg = Release|Any CPU
		{B0528443-7346-414F-BAA5-BD6CCC952B83}.Release|Any CPU.Build.0 = Release|Any CPU
		{7104FE33-E96A-444E-887C-B0F07DBFE5C9}.Debug|Any CPU.ActiveCfg = Debug|Any CPU
		{7104FE33-E96A-444E-887C-B0F07DBFE5C9}.Debug|Any CPU.Build.0 = Debug|Any CPU
		{7104FE33-E96A-444E-887C-B0F07DBFE5C9}.Release|Any CPU.ActiveCfg = Release|Any CPU
		{7104FE33-E96A-444E-887C-B0F07DBFE5C9}.Release|Any CPU.Build.0 = Release|Any CPU
		{94611D3D-4B12-40DB-AD79-8A0AABD2BB6F}.Debug|Any CPU.ActiveCfg = Debug|Any CPU
		{94611D3D-4B12-40DB-AD79-8A0AABD2BB6F}.Debug|Any CPU.Build.0 = Debug|Any CPU
		{94611D3D-4B12-40DB-AD79-8A0AABD2BB6F}.Release|Any CPU.ActiveCfg = Release|Any CPU
		{94611D3D-4B12-40DB-AD79-8A0AABD2BB6F}.Release|Any CPU.Build.0 = Release|Any CPU
		{F58C63DE-6D4E-429A-BAB8-904FD793D6E7}.Debug|Any CPU.ActiveCfg = Debug|Any CPU
		{F58C63DE-6D4E-429A-BAB8-904FD793D6E7}.Debug|Any CPU.Build.0 = Debug|Any CPU
		{F58C63DE-6D4E-429A-BAB8-904FD793D6E7}.Release|Any CPU.ActiveCfg = Release|Any CPU
		{F58C63DE-6D4E-429A-BAB8-904FD793D6E7}.Release|Any CPU.Build.0 = Release|Any CPU
		{C6FBBF1F-34F1-4DAB-BE77-98134A4D6D35}.Debug|Any CPU.ActiveCfg = Debug|Any CPU
		{C6FBBF1F-34F1-4DAB-BE77-98134A4D6D35}.Debug|Any CPU.Build.0 = Debug|Any CPU
		{C6FBBF1F-34F1-4DAB-BE77-98134A4D6D35}.Release|Any CPU.ActiveCfg = Release|Any CPU
		{C6FBBF1F-34F1-4DAB-BE77-98134A4D6D35}.Release|Any CPU.Build.0 = Release|Any CPU
		{064DE392-524D-4927-B08B-4F9C2D76B707}.Debug|Any CPU.ActiveCfg = Debug|Any CPU
		{064DE392-524D-4927-B08B-4F9C2D76B707}.Debug|Any CPU.Build.0 = Debug|Any CPU
		{064DE392-524D-4927-B08B-4F9C2D76B707}.Release|Any CPU.ActiveCfg = Release|Any CPU
		{064DE392-524D-4927-B08B-4F9C2D76B707}.Release|Any CPU.Build.0 = Release|Any CPU
	EndGlobalSection
	GlobalSection(SolutionProperties) = preSolution
		HideSolutionNode = FALSE
	EndGlobalSection
	GlobalSection(NestedProjects) = preSolution
		{CA137CD5-3D18-48F5-A0C2-929E2438EF08} = {EF749212-28C9-4F64-ADA5-C64553478CC8}
		{0263CCE4-599E-4182-A655-299146CD1426} = {3F27F9D5-A6D9-40BC-AEB9-84BF718DD703}
		{561C3A69-CC34-4431-BD61-3165DAF10FDF} = {3F27F9D5-A6D9-40BC-AEB9-84BF718DD703}
		{8E56647F-E9B6-4C1D-84F5-3933A2BC7E02} = {3F27F9D5-A6D9-40BC-AEB9-84BF718DD703}
		{C33CFCA2-8D4F-4BE9-99DE-25859CFB6AD3} = {3F27F9D5-A6D9-40BC-AEB9-84BF718DD703}
		{E6F577FA-B78F-49D8-905D-E872AA329ED2} = {E2AD128A-9E38-41DA-AAF1-537FE5542642}
		{987E59A3-27C1-4766-AB26-25C586A23CC2} = {E2AD128A-9E38-41DA-AAF1-537FE5542642}
		{9723727F-B820-4043-8B40-2A1A8CCB095D} = {E2AD128A-9E38-41DA-AAF1-537FE5542642}
		{55FD41ED-FFB6-470B-A76A-8A6028922FB7} = {60FEA10C-F4CE-4463-8FD8-C83CB41503A3}
		{641B11DB-E095-4A01-88EE-D15BDABB899C} = {D6C6D36C-F198-4F33-A2D1-E985F0FA1414}
		{8A8C34C9-CF7E-40D9-A1BD-2254217E9190} = {60FEA10C-F4CE-4463-8FD8-C83CB41503A3}
		{73C8A4F1-A606-4CAE-AEBD-B7AACDCE87CC} = {60FEA10C-F4CE-4463-8FD8-C83CB41503A3}
		{B0528443-7346-414F-BAA5-BD6CCC952B83} = {60FEA10C-F4CE-4463-8FD8-C83CB41503A3}
		{7104FE33-E96A-444E-887C-B0F07DBFE5C9} = {95F7254B-89B2-4A39-BCF9-8A7014761592}
		{94611D3D-4B12-40DB-AD79-8A0AABD2BB6F} = {95F7254B-89B2-4A39-BCF9-8A7014761592}
		{F58C63DE-6D4E-429A-BAB8-904FD793D6E7} = {95F7254B-89B2-4A39-BCF9-8A7014761592}
		{064DE392-524D-4927-B08B-4F9C2D76B707} = {E2AD128A-9E38-41DA-AAF1-537FE5542642}
	EndGlobalSection
	GlobalSection(ExtensibilityGlobals) = postSolution
		SolutionGuid = {7F13D6B8-FE9C-44C7-A80D-2A487F148B74}
	EndGlobalSection
EndGlobal
