
Microsoft Visual Studio Solution File, Format Version 12.00
# Visual Studio 15
VisualStudioVersion = 15.0.28307.271
MinimumVisualStudioVersion = 10.0.40219.1
Project("{FAE04EC0-301F-11D3-BF4B-00C04F79EFBC}") = "Uppgift2", "Uppgift2.csproj", "{FCE95DF2-BD9E-4967-A563-88FBF5EEDBCA}"
EndProject
Global
	GlobalSection(SolutionConfigurationPlatforms) = preSolution
		Debug|Any CPU = Debug|Any CPU
		Release|Any CPU = Release|Any CPU
	EndGlobalSection
	GlobalSection(ProjectConfigurationPlatforms) = postSolution
		{FCE95DF2-BD9E-4967-A563-88FBF5EEDBCA}.Debug|Any CPU.ActiveCfg = Debug|Any CPU
		{FCE95DF2-BD9E-4967-A563-88FBF5EEDBCA}.Debug|Any CPU.Build.0 = Debug|Any CPU
		{FCE95DF2-BD9E-4967-A563-88FBF5EEDBCA}.Release|Any CPU.ActiveCfg = Release|Any CPU
		{FCE95DF2-BD9E-4967-A563-88FBF5EEDBCA}.Release|Any CPU.Build.0 = Release|Any CPU
	EndGlobalSection
	GlobalSection(SolutionProperties) = preSolution
		HideSolutionNode = FALSE
	EndGlobalSection
	GlobalSection(ExtensibilityGlobals) = postSolution
		SolutionGuid = {0EC3FE2B-77D5-470B-AB08-B5122899FE50}
	EndGlobalSection
EndGlobal
